
Microsoft Visual Studio Solution File, Format Version 12.00
Project("{FAE04EC0-301F-11D3-BF4B-00C04F79EFBC}") = "GaiaConfigurationServer", "GaiaConfigurationServer\GaiaConfigurationServer.csproj", "{A08C0F0B-85FC-4492-8FD0-572F7DF3F17D}"
EndProject
Project("{FAE04EC0-301F-11D3-BF4B-00C04F79EFBC}") = "GaiaConfigurationClient", "GaiaConfigurationClient\GaiaConfigurationClient.csproj", "{77C36C4D-FF3A-47DC-91EF-C83F2E5BD7E1}"
EndProject
Global
	GlobalSection(SolutionConfigurationPlatforms) = preSolution
		Debug|Any CPU = Debug|Any CPU
		Release|Any CPU = Release|Any CPU
	EndGlobalSection
	GlobalSection(ProjectConfigurationPlatforms) = postSolution
		{A08C0F0B-85FC-4492-8FD0-572F7DF3F17D}.Debug|Any CPU.ActiveCfg = Debug|Any CPU
		{A08C0F0B-85FC-4492-8FD0-572F7DF3F17D}.Debug|Any CPU.Build.0 = Debug|Any CPU
		{A08C0F0B-85FC-4492-8FD0-572F7DF3F17D}.Release|Any CPU.ActiveCfg = Release|Any CPU
		{A08C0F0B-85FC-4492-8FD0-572F7DF3F17D}.Release|Any CPU.Build.0 = Release|Any CPU
		{77C36C4D-FF3A-47DC-91EF-C83F2E5BD7E1}.Debug|Any CPU.ActiveCfg = Debug|Any CPU
		{77C36C4D-FF3A-47DC-91EF-C83F2E5BD7E1}.Debug|Any CPU.Build.0 = Debug|Any CPU
		{77C36C4D-FF3A-47DC-91EF-C83F2E5BD7E1}.Release|Any CPU.ActiveCfg = Release|Any CPU
		{77C36C4D-FF3A-47DC-91EF-C83F2E5BD7E1}.Release|Any CPU.Build.0 = Release|Any CPU
	EndGlobalSection
EndGlobal
